// !$*UTF8*$!
{
	archiveVersion = 1;
	classes = {
	};
	objectVersion = 46;
	objects = {

/* Begin PBXBuildFile section */
		95F4C19B1F34A4A6003C60BC /* AppDelegate.swift in Sources */ = {isa = PBXBuildFile; fileRef = 95F4C19A1F34A4A6003C60BC /* AppDelegate.swift */; };
		95F4C19D1F34A4A6003C60BC /* ViewController.swift in Sources */ = {isa = PBXBuildFile; fileRef = 95F4C19C1F34A4A6003C60BC /* ViewController.swift */; };
		95F4C1A21F34A4A6003C60BC /* Assets.xcassets in Resources */ = {isa = PBXBuildFile; fileRef = 95F4C1A11F34A4A6003C60BC /* Assets.xcassets */; };
		95F4C1A51F34A4A6003C60BC /* LaunchScreen.storyboard in Resources */ = {isa = PBXBuildFile; fileRef = 95F4C1A31F34A4A6003C60BC /* LaunchScreen.storyboard */; };
		95F4C1B01F34A578003C60BC /* TripleViewController.swift in Sources */ = {isa = PBXBuildFile; fileRef = 95F4C1AF1F34A578003C60BC /* TripleViewController.swift */; };
		95F4C1B51F383A97003C60BC /* ChildViewController.swift in Sources */ = {isa = PBXBuildFile; fileRef = 95F4C1B41F383A97003C60BC /* ChildViewController.swift */; };
/* End PBXBuildFile section */

/* Begin PBXFileReference section */
		95F4C1971F34A4A6003C60BC /* ios-TripleViewController.app */ = {isa = PBXFileReference; explicitFileType = wrapper.application; includeInIndex = 0; path = "ios-TripleViewController.app"; sourceTree = BUILT_PRODUCTS_DIR; };
		95F4C19A1F34A4A6003C60BC /* AppDelegate.swift */ = {isa = PBXFileReference; lastKnownFileType = sourcecode.swift; path = AppDelegate.swift; sourceTree = "<group>"; };
		95F4C19C1F34A4A6003C60BC /* ViewController.swift */ = {isa = PBXFileReference; lastKnownFileType = sourcecode.swift; path = ViewController.swift; sourceTree = "<group>"; };
		95F4C1A11F34A4A6003C60BC /* Assets.xcassets */ = {isa = PBXFileReference; lastKnownFileType = folder.assetcatalog; path = Assets.xcassets; sourceTree = "<group>"; };
		95F4C1A41F34A4A6003C60BC /* Base */ = {isa = PBXFileReference; lastKnownFileType = file.storyboard; name = Base; path = Base.lproj/LaunchScreen.storyboard; sourceTree = "<group>"; };
		95F4C1A61F34A4A6003C60BC /* Info.plist */ = {isa = PBXFileReference; lastKnownFileType = text.plist.xml; path = Info.plist; sourceTree = "<group>"; };
		95F4C1AF1F34A578003C60BC /* TripleViewController.swift */ = {isa = PBXFileReference; fileEncoding = 4; lastKnownFileType = sourcecode.swift; path = TripleViewController.swift; sourceTree = "<group>"; };
		95F4C1B41F383A97003C60BC /* ChildViewController.swift */ = {isa = PBXFileReference; fileEncoding = 4; lastKnownFileType = sourcecode.swift; path = ChildViewController.swift; sourceTree = "<group>"; };
/* End PBXFileReference section */

/* Begin PBXFrameworksBuildPhase section */
		95F4C1941F34A4A6003C60BC /* Frameworks */ = {
			isa = PBXFrameworksBuildPhase;
			buildActionMask = 2147483647;
			files = (
			);
			runOnlyForDeploymentPostprocessing = 0;
		};
/* End PBXFrameworksBuildPhase section */

/* Begin PBXGroup section */
		95F4C18E1F34A4A6003C60BC = {
			isa = PBXGroup;
			children = (
				95F4C1991F34A4A6003C60BC /* ios-TripleViewController */,
				95F4C1981F34A4A6003C60BC /* Products */,
			);
			sourceTree = "<group>";
		};
		95F4C1981F34A4A6003C60BC /* Products */ = {
			isa = PBXGroup;
			children = (
				95F4C1971F34A4A6003C60BC /* ios-TripleViewController.app */,
			);
			name = Products;
			sourceTree = "<group>";
		};
		95F4C1991F34A4A6003C60BC /* ios-TripleViewController */ = {
			isa = PBXGroup;
			children = (
				95F4C1AE1F34A571003C60BC /* Sources */,
				95F4C19A1F34A4A6003C60BC /* AppDelegate.swift */,
				95F4C19C1F34A4A6003C60BC /* ViewController.swift */,
				95F4C1B41F383A97003C60BC /* ChildViewController.swift */,
				95F4C1A11F34A4A6003C60BC /* Assets.xcassets */,
				95F4C1A31F34A4A6003C60BC /* LaunchScreen.storyboard */,
				95F4C1A61F34A4A6003C60BC /* Info.plist */,
			);
			path = "ios-TripleViewController";
			sourceTree = "<group>";
		};
		95F4C1AE1F34A571003C60BC /* Sources */ = {
			isa = PBXGroup;
			children = (
				95F4C1AF1F34A578003C60BC /* TripleViewController.swift */,
			);
			name = Sources;
			sourceTree = "<group>";
		};
/* End PBXGroup section */

/* Begin PBXNativeTarget section */
		95F4C1961F34A4A6003C60BC /* ios-TripleViewController */ = {
			isa = PBXNativeTarget;
			buildConfigurationList = 95F4C1A91F34A4A6003C60BC /* Build configuration list for PBXNativeTarget "ios-TripleViewController" */;
			buildPhases = (
				95F4C1931F34A4A6003C60BC /* Sources */,
				95F4C1941F34A4A6003C60BC /* Frameworks */,
				95F4C1951F34A4A6003C60BC /* Resources */,
			);
			buildRules = (
			);
			dependencies = (
			);
			name = "ios-TripleViewController";
			productName = "ios-TripleViewController";
			productReference = 95F4C1971F34A4A6003C60BC /* ios-TripleViewController.app */;
			productType = "com.apple.product-type.application";
		};
/* End PBXNativeTarget section */

/* Begin PBXProject section */
		95F4C18F1F34A4A6003C60BC /* Project object */ = {
			isa = PBXProject;
			attributes = {
				LastSwiftUpdateCheck = 0830;
				LastUpgradeCheck = 0830;
				ORGANIZATIONNAME = Nikolay;
				TargetAttributes = {
					95F4C1961F34A4A6003C60BC = {
						CreatedOnToolsVersion = 8.3;
						ProvisioningStyle = Automatic;
					};
				};
			};
			buildConfigurationList = 95F4C1921F34A4A6003C60BC /* Build configuration list for PBXProject "ios-TripleViewController" */;
			compatibilityVersion = "Xcode 3.2";
			developmentRegion = English;
			hasScannedForEncodings = 0;
			knownRegions = (
				en,
				Base,
			);
			mainGroup = 95F4C18E1F34A4A6003C60BC;
			productRefGroup = 95F4C1981F34A4A6003C60BC /* Products */;
			projectDirPath = "";
			projectRoot = "";
			targets = (
				95F4C1961F34A4A6003C60BC /* ios-TripleViewController */,
			);
		};
/* End PBXProject section */

/* Begin PBXResourcesBuildPhase section */
		95F4C1951F34A4A6003C60BC /* Resources */ = {
			isa = PBXResourcesBuildPhase;
			buildActionMask = 2147483647;
			files = (
				95F4C1A51F34A4A6003C60BC /* LaunchScreen.storyboard in Resources */,
				95F4C1A21F34A4A6003C60BC /* Assets.xcassets in Resources */,
			);
			runOnlyForDeploymentPostprocessing = 0;
		};
/* End PBXResourcesBuildPhase section */

/* Begin PBXSourcesBuildPhase section */
		95F4C1931F34A4A6003C60BC /* Sources */ = {
			isa = PBXSourcesBuildPhase;
			buildActionMask = 2147483647;
			files = (
				95F4C19D1F34A4A6003C60BC /* ViewController.swift in Sources */,
				95F4C19B1F34A4A6003C60BC /* AppDelegate.swift in Sources */,
				95F4C1B01F34A578003C60BC /* TripleViewController.swift in Sources */,
				95F4C1B51F383A97003C60BC /* ChildViewController.swift in Sources */,
			);
			runOnlyForDeploymentPostprocessing = 0;
		};
/* End PBXSourcesBuildPhase section */

/* Begin PBXVariantGroup section */
		95F4C1A31F34A4A6003C60BC /* LaunchScreen.storyboard */ = {
			isa = PBXVariantGroup;
			children = (
				95F4C1A41F34A4A6003C60BC /* Base */,
			);
			name = LaunchScreen.storyboard;
			sourceTree = "<group>";
		};
/* End PBXVariantGroup section */

/* Begin XCBuildConfiguration section */
		95F4C1A71F34A4A6003C60BC /* Debug */ = {
			isa = XCBuildConfiguration;
			buildSettings = {
				ALWAYS_SEARCH_USER_PATHS = NO;
				CLANG_ANALYZER_NONNULL = YES;
				CLANG_ANALYZER_NUMBER_OBJECT_CONVERSION = YES_AGGRESSIVE;
				CLANG_CXX_LANGUAGE_STANDARD = "gnu++0x";
				CLANG_CXX_LIBRARY = "libc++";
				CLANG_ENABLE_MODULES = YES;
				CLANG_ENABLE_OBJC_ARC = YES;
				CLANG_WARN_BOOL_CONVERSION = YES;
				CLANG_WARN_CONSTANT_CONVERSION = YES;
				CLANG_WARN_DIRECT_OBJC_ISA_USAGE = YES_ERROR;
				CLANG_WARN_DOCUMENTATION_COMMENTS = YES;
				CLANG_WARN_EMPTY_BODY = YES;
				CLANG_WARN_ENUM_CONVERSION = YES;
				CLANG_WARN_INFINITE_RECURSION = YES;
				CLANG_WARN_INT_CONVERSION = YES;
				CLANG_WARN_OBJC_ROOT_CLASS = YES_ERROR;
				CLANG_WARN_SUSPICIOUS_MOVE = YES;
				CLANG_WARN_UNREACHABLE_CODE = YES;
				CLANG_WARN__DUPLICATE_METHOD_MATCH = YES;
				"CODE_SIGN_IDENTITY[sdk=iphoneos*]" = "iPhone Developer";
				COPY_PHASE_STRIP = NO;
				DEBUG_INFORMATION_FORMAT = dwarf;
				ENABLE_STRICT_OBJC_MSGSEND = YES;
				ENABLE_TESTABILITY = YES;
				GCC_C_LANGUAGE_STANDARD = gnu99;
				GCC_DYNAMIC_NO_PIC = NO;
				GCC_NO_COMMON_BLOCKS = YES;
				GCC_OPTIMIZATION_LEVEL = 0;
				GCC_PREPROCESSOR_DEFINITIONS = (
					"DEBUG=1",
					"$(inherited)",
				);
				GCC_WARN_64_TO_32_BIT_CONVERSION = YES;
				GCC_WARN_ABOUT_RETURN_TYPE = YES_ERROR;
				GCC_WARN_UNDECLARED_SELECTOR = YES;
				GCC_WARN_UNINITIALIZED_AUTOS = YES_AGGRESSIVE;
				GCC_WARN_UNUSED_FUNCTION = YES;
				GCC_WARN_UNUSED_VARIABLE = YES;
				IPHONEOS_DEPLOYMENT_TARGET = 10.3;
				MTL_ENABLE_DEBUG_INFO = YES;
				ONLY_ACTIVE_ARCH = YES;
				SDKROOT = iphoneos;
				SWIFT_ACTIVE_COMPILATION_CONDITIONS = DEBUG;
				SWIFT_OPTIMIZATION_LEVEL = "-Onone";
				TARGETED_DEVICE_FAMILY = "1,2";
			};
			name = Debug;
		};
		95F4C1A81F34A4A6003C60BC /* Release */ = {
			isa = XCBuildConfiguration;
			buildSettings = {
				ALWAYS_SEARCH_USER_PATHS = NO;
				CLANG_ANALYZER_NONNULL = YES;
				CLANG_ANALYZER_NUMBER_OBJECT_CONVERSION = YES_AGGRESSIVE;
				CLANG_CXX_LANGUAGE_STANDARD = "gnu++0x";
				CLANG_CXX_LIBRARY = "libc++";
				CLANG_ENABLE_MODULES = YES;
				CLANG_ENABLE_OBJC_ARC = YES;
				CLANG_WARN_BOOL_CONVERSION = YES;
				CLANG_WARN_CONSTANT_CONVERSION = YES;
				CLANG_WARN_DIRECT_OBJC_ISA_USAGE = YES_ERROR;
				CLANG_WARN_DOCUMENTATION_COMMENTS = YES;
				CLANG_WARN_EMPTY_BODY = YES;
				CLANG_WARN_ENUM_CONVERSION = YES;
				CLANG_WARN_INFINITE_RECURSION = YES;
				CLANG_WARN_INT_CONVERSION = YES;
				CLANG_WARN_OBJC_ROOT_CLASS = YES_ERROR;
				CLANG_WARN_SUSPICIOUS_MOVE = YES;
				CLANG_WARN_UNREACHABLE_CODE = YES;
				CLANG_WARN__DUPLICATE_METHOD_MATCH = YES;
				"CODE_SIGN_IDENTITY[sdk=iphoneos*]" = "iPhone Developer";
				COPY_PHASE_STRIP = NO;
				DEBUG_INFORMATION_FORMAT = "dwarf-with-dsym";
				ENABLE_NS_ASSERTIONS = NO;
				ENABLE_STRICT_OBJC_MSGSEND = YES;
				GCC_C_LANGUAGE_STANDARD = gnu99;
				GCC_NO_COMMON_BLOCKS = YES;
				GCC_WARN_64_TO_32_BIT_CONVERSION = YES;
				GCC_WARN_ABOUT_RETURN_TYPE = YES_ERROR;
				GCC_WARN_UNDECLARED_SELECTOR = YES;
				GCC_WARN_UNINITIALIZED_AUTOS = YES_AGGRESSIVE;
				GCC_WARN_UNUSED_FUNCTION = YES;
				GCC_WARN_UNUSED_VARIABLE = YES;
				IPHONEOS_DEPLOYMENT_TARGET = 10.3;
				MTL_ENABLE_DEBUG_INFO = NO;
				SDKROOT = iphoneos;
				SWIFT_OPTIMIZATION_LEVEL = "-Owholemodule";
				TARGETED_DEVICE_FAMILY = "1,2";
				VALIDATE_PRODUCT = YES;
			};
			name = Release;
		};
		95F4C1AA1F34A4A6003C60BC /* Debug */ = {
			isa = XCBuildConfiguration;
			buildSettings = {
				ASSETCATALOG_COMPILER_APPICON_NAME = AppIcon;
				INFOPLIST_FILE = "ios-TripleViewController/Info.plist";
				LD_RUNPATH_SEARCH_PATHS = "$(inherited) @executable_path/Frameworks";
				PRODUCT_BUNDLE_IDENTIFIER = "com.e-legion.ios-TripleViewController";
				PRODUCT_NAME = "$(TARGET_NAME)";
				SWIFT_VERSION = 3.0;
			};
			name = Debug;
		};
		95F4C1AB1F34A4A6003C60BC /* Release */ = {
			isa = XCBuildConfiguration;
			buildSettings = {
				ASSETCATALOG_COMPILER_APPICON_NAME = AppIcon;
				INFOPLIST_FILE = "ios-TripleViewController/Info.plist";
				LD_RUNPATH_SEARCH_PATHS = "$(inherited) @executable_path/Frameworks";
				PRODUCT_BUNDLE_IDENTIFIER = "com.e-legion.ios-TripleViewController";
				PRODUCT_NAME = "$(TARGET_NAME)";
				SWIFT_VERSION = 3.0;
			};
			name = Release;
		};
/* End XCBuildConfiguration section */

/* Begin XCConfigurationList section */
		95F4C1921F34A4A6003C60BC /* Build configuration list for PBXProject "ios-TripleViewController" */ = {
			isa = XCConfigurationList;
			buildConfigurations = (
				95F4C1A71F34A4A6003C60BC /* Debug */,
				95F4C1A81F34A4A6003C60BC /* Release */,
			);
			defaultConfigurationIsVisible = 0;
			defaultConfigurationName = Release;
		};
		95F4C1A91F34A4A6003C60BC /* Build configuration list for PBXNativeTarget "ios-TripleViewController" */ = {
			isa = XCConfigurationList;
			buildConfigurations = (
				95F4C1AA1F34A4A6003C60BC /* Debug */,
				95F4C1AB1F34A4A6003C60BC /* Release */,
			);
			defaultConfigurationIsVisible = 0;
			defaultConfigurationName = Release;
		};
/* End XCConfigurationList section */
	};
	rootObject = 95F4C18F1F34A4A6003C60BC /* Project object */;
}
